
Microsoft Visual Studio Solution File, Format Version 12.00
# Visual Studio Version 17
VisualStudioVersion = 17.2.32317.152
MinimumVisualStudioVersion = 10.0.40219.1
Project("{FAE04EC0-301F-11D3-BF4B-00C04F79EFBC}") = "Pedagoška sveska", "Pedagoška sveska.csproj", "{AB7A2BFA-35D8-4E25-AFFB-453B1FF6B20C}"
EndProject
Global
	GlobalSection(SolutionConfigurationPlatforms) = preSolution
		Debug|Any CPU = Debug|Any CPU
		Release|Any CPU = Release|Any CPU
	EndGlobalSection
	GlobalSection(ProjectConfigurationPlatforms) = postSolution
		{AB7A2BFA-35D8-4E25-AFFB-453B1FF6B20C}.Debug|Any CPU.ActiveCfg = Debug|Any CPU
		{AB7A2BFA-35D8-4E25-AFFB-453B1FF6B20C}.Debug|Any CPU.Build.0 = Debug|Any CPU
		{AB7A2BFA-35D8-4E25-AFFB-453B1FF6B20C}.Release|Any CPU.ActiveCfg = Release|Any CPU
		{AB7A2BFA-35D8-4E25-AFFB-453B1FF6B20C}.Release|Any CPU.Build.0 = Release|Any CPU
	EndGlobalSection
	GlobalSection(SolutionProperties) = preSolution
		HideSolutionNode = FALSE
	EndGlobalSection
	GlobalSection(ExtensibilityGlobals) = postSolution
		SolutionGuid = {69EE9DA1-E900-4A15-BF9B-DC29ECAB3050}
	EndGlobalSection
EndGlobal
